
Microsoft Visual Studio Solution File, Format Version 12.00
# Visual Studio Version 16
VisualStudioVersion = 16.0.29905.134
MinimumVisualStudioVersion = 10.0.40219.1
Project("{9A19103F-16F7-4668-BE54-9A1E7A4F7556}") = "T1.App", "src\T1.App\T1.App.csproj", "{BDC08BD3-47CF-464A-A149-19C38184F189}"
EndProject
Project("{9A19103F-16F7-4668-BE54-9A1E7A4F7556}") = "Lexxys.T1", "src\Lexxys.T1\Lexxys.T1.csproj", "{5B9EDAC7-E00E-4693-BFF6-278F1255046F}"
EndProject
Project("{9A19103F-16F7-4668-BE54-9A1E7A4F7556}") = "Lexxys", "..\Lexxys\src\Lexxys\Lexxys.csproj", "{1BC126E7-E98D-401E-B852-80AE5DBB84A3}"
EndProject
Global
	GlobalSection(SolutionConfigurationPlatforms) = preSolution
		Debug|Any CPU = Debug|Any CPU
		Release|Any CPU = Release|Any CPU
	EndGlobalSection
	GlobalSection(ProjectConfigurationPlatforms) = postSolution
		{BDC08BD3-47CF-464A-A149-19C38184F189}.Debug|Any CPU.ActiveCfg = Debug|Any CPU
		{BDC08BD3-47CF-464A-A149-19C38184F189}.Debug|Any CPU.Build.0 = Debug|Any CPU
		{BDC08BD3-47CF-464A-A149-19C38184F189}.Release|Any CPU.ActiveCfg = Release|Any CPU
		{BDC08BD3-47CF-464A-A149-19C38184F189}.Release|Any CPU.Build.0 = Release|Any CPU
		{5B9EDAC7-E00E-4693-BFF6-278F1255046F}.Debug|Any CPU.ActiveCfg = Debug|Any CPU
		{5B9EDAC7-E00E-4693-BFF6-278F1255046F}.Debug|Any CPU.Build.0 = Debug|Any CPU
		{5B9EDAC7-E00E-4693-BFF6-278F1255046F}.Release|Any CPU.ActiveCfg = Release|Any CPU
		{5B9EDAC7-E00E-4693-BFF6-278F1255046F}.Release|Any CPU.Build.0 = Release|Any CPU
		{1BC126E7-E98D-401E-B852-80AE5DBB84A3}.Debug|Any CPU.ActiveCfg = Debug|Any CPU
		{1BC126E7-E98D-401E-B852-80AE5DBB84A3}.Debug|Any CPU.Build.0 = Debug|Any CPU
		{1BC126E7-E98D-401E-B852-80AE5DBB84A3}.Release|Any CPU.ActiveCfg = Release|Any CPU
		{1BC126E7-E98D-401E-B852-80AE5DBB84A3}.Release|Any CPU.Build.0 = Release|Any CPU
	EndGlobalSection
	GlobalSection(SolutionProperties) = preSolution
		HideSolutionNode = FALSE
	EndGlobalSection
	GlobalSection(ExtensibilityGlobals) = postSolution
		SolutionGuid = {206E089C-75AA-4FB3-AFEC-A6753D3469CE}
	EndGlobalSection
EndGlobal
